
Microsoft Visual Studio Solution File, Format Version 12.00
# Visual Studio Version 17
VisualStudioVersion = 17.8.34330.188
MinimumVisualStudioVersion = 10.0.40219.1
Project("{FAE04EC0-301F-11D3-BF4B-00C04F79EFBC}") = "ZavodSocialNetwork.Server", "ZavodSocialNetwork.Server\ZavodSocialNetwork.Server.csproj", "{F4BC0046-E933-46A3-BC7F-3FBF5FCFB7C8}"
EndProject
Project("{54A90642-561A-4BB1-A94E-469ADEE60C69}") = "zavodsocialnetwork.client", "zavodsocialnetwork.client\zavodsocialnetwork.client.esproj", "{8CF8E1D3-1049-4524-8C12-80D5F97723DF}"
EndProject
Global
	GlobalSection(SolutionConfigurationPlatforms) = preSolution
		Debug|Any CPU = Debug|Any CPU
		Release|Any CPU = Release|Any CPU
	EndGlobalSection
	GlobalSection(ProjectConfigurationPlatforms) = postSolution
		{F4BC0046-E933-46A3-BC7F-3FBF5FCFB7C8}.Debug|Any CPU.ActiveCfg = Debug|Any CPU
		{F4BC0046-E933-46A3-BC7F-3FBF5FCFB7C8}.Debug|Any CPU.Build.0 = Debug|Any CPU
		{F4BC0046-E933-46A3-BC7F-3FBF5FCFB7C8}.Release|Any CPU.ActiveCfg = Release|Any CPU
		{F4BC0046-E933-46A3-BC7F-3FBF5FCFB7C8}.Release|Any CPU.Build.0 = Release|Any CPU
		{8CF8E1D3-1049-4524-8C12-80D5F97723DF}.Debug|Any CPU.ActiveCfg = Debug|Any CPU
		{8CF8E1D3-1049-4524-8C12-80D5F97723DF}.Debug|Any CPU.Build.0 = Debug|Any CPU
		{8CF8E1D3-1049-4524-8C12-80D5F97723DF}.Debug|Any CPU.Deploy.0 = Debug|Any CPU
		{8CF8E1D3-1049-4524-8C12-80D5F97723DF}.Release|Any CPU.ActiveCfg = Release|Any CPU
		{8CF8E1D3-1049-4524-8C12-80D5F97723DF}.Release|Any CPU.Build.0 = Release|Any CPU
		{8CF8E1D3-1049-4524-8C12-80D5F97723DF}.Release|Any CPU.Deploy.0 = Release|Any CPU
	EndGlobalSection
	GlobalSection(SolutionProperties) = preSolution
		HideSolutionNode = FALSE
	EndGlobalSection
	GlobalSection(ExtensibilityGlobals) = postSolution
		SolutionGuid = {9C5877BE-8EC8-4977-998C-6CFE9A67E44A}
	EndGlobalSection
EndGlobal
